
Microsoft Visual Studio Solution File, Format Version 12.00
# Visual Studio Version 17
VisualStudioVersion = 17.8.34004.107
MinimumVisualStudioVersion = 10.0.40219.1
Project("{9A19103F-16F7-4668-BE54-9A1E7A4F7556}") = "NeoAnimLib", "NeoAnimLib\NeoAnimLib.csproj", "{DD9109E2-BFE4-456D-92DD-F0D580AEE059}"
EndProject
Project("{9A19103F-16F7-4668-BE54-9A1E7A4F7556}") = "NeoAnimLib.Tests", "NeoAnimLib.Tests\NeoAnimLib.Tests.csproj", "{61ABFBEB-9F0B-4086-9D86-0188257E24C4}"
EndProject
Project("{FAE04EC0-301F-11D3-BF4B-00C04F79EFBC}") = "NeoAnimLib.MonogameDemo", "NeoAnimLib.MonogameDemo\NeoAnimLib.MonogameDemo.csproj", "{0559C2C8-5701-4866-953B-3AF16A82949F}"
EndProject
Global
	GlobalSection(SolutionConfigurationPlatforms) = preSolution
		Debug|Any CPU = Debug|Any CPU
		Release|Any CPU = Release|Any CPU
	EndGlobalSection
	GlobalSection(ProjectConfigurationPlatforms) = postSolution
		{DD9109E2-BFE4-456D-92DD-F0D580AEE059}.Debug|Any CPU.ActiveCfg = Debug|Any CPU
		{DD9109E2-BFE4-456D-92DD-F0D580AEE059}.Debug|Any CPU.Build.0 = Debug|Any CPU
		{DD9109E2-BFE4-456D-92DD-F0D580AEE059}.Release|Any CPU.ActiveCfg = Release|Any CPU
		{DD9109E2-BFE4-456D-92DD-F0D580AEE059}.Release|Any CPU.Build.0 = Release|Any CPU
		{61ABFBEB-9F0B-4086-9D86-0188257E24C4}.Debug|Any CPU.ActiveCfg = Debug|Any CPU
		{61ABFBEB-9F0B-4086-9D86-0188257E24C4}.Debug|Any CPU.Build.0 = Debug|Any CPU
		{61ABFBEB-9F0B-4086-9D86-0188257E24C4}.Release|Any CPU.ActiveCfg = Release|Any CPU
		{61ABFBEB-9F0B-4086-9D86-0188257E24C4}.Release|Any CPU.Build.0 = Release|Any CPU
		{0559C2C8-5701-4866-953B-3AF16A82949F}.Debug|Any CPU.ActiveCfg = Debug|Any CPU
		{0559C2C8-5701-4866-953B-3AF16A82949F}.Debug|Any CPU.Build.0 = Debug|Any CPU
		{0559C2C8-5701-4866-953B-3AF16A82949F}.Release|Any CPU.ActiveCfg = Release|Any CPU
		{0559C2C8-5701-4866-953B-3AF16A82949F}.Release|Any CPU.Build.0 = Release|Any CPU
	EndGlobalSection
	GlobalSection(SolutionProperties) = preSolution
		HideSolutionNode = FALSE
	EndGlobalSection
	GlobalSection(ExtensibilityGlobals) = postSolution
		SolutionGuid = {21665F08-CE2B-49F7-9349-A9108896CD53}
	EndGlobalSection
EndGlobal
